// !$*UTF8*$!
{
	archiveVersion = 1;
	classes = {
	};
	objectVersion = 56;
	objects = {

/* Begin PBXBuildFile section */
		946B98422A68AAAC00A10116 /* AppDelegate.swift in Sources */ = {isa = PBXBuildFile; fileRef = 946B98412A68AAAC00A10116 /* AppDelegate.swift */; };
		946B98442A68AAAC00A10116 /* SceneDelegate.swift in Sources */ = {isa = PBXBuildFile; fileRef = 946B98432A68AAAC00A10116 /* SceneDelegate.swift */; };
		946B984B2A68AAAD00A10116 /* Assets.xcassets in Resources */ = {isa = PBXBuildFile; fileRef = 946B984A2A68AAAD00A10116 /* Assets.xcassets */; };
		946B984E2A68AAAD00A10116 /* LaunchScreen.storyboard in Resources */ = {isa = PBXBuildFile; fileRef = 946B984C2A68AAAD00A10116 /* LaunchScreen.storyboard */; };
		946B98592A68EC3200A10116 /* ApiManager.swift in Sources */ = {isa = PBXBuildFile; fileRef = 946B98582A68EC3200A10116 /* ApiManager.swift */; };
		946B98612A68ECB200A10116 /* HomeView.swift in Sources */ = {isa = PBXBuildFile; fileRef = 946B985F2A68ECB200A10116 /* HomeView.swift */; };
		946B98622A68ECB200A10116 /* HomeView.xib in Resources */ = {isa = PBXBuildFile; fileRef = 946B98602A68ECB200A10116 /* HomeView.xib */; };
		946B98642A68ECC100A10116 /* HomePresenter.swift in Sources */ = {isa = PBXBuildFile; fileRef = 946B98632A68ECC100A10116 /* HomePresenter.swift */; };
		946B98672A68ECE000A10116 /* DetailView.swift in Sources */ = {isa = PBXBuildFile; fileRef = 946B98652A68ECE000A10116 /* DetailView.swift */; };
		946B98682A68ECE000A10116 /* DetailView.xib in Resources */ = {isa = PBXBuildFile; fileRef = 946B98662A68ECE000A10116 /* DetailView.xib */; };
		946B986A2A68ECEC00A10116 /* DetailPresenter.swift in Sources */ = {isa = PBXBuildFile; fileRef = 946B98692A68ECEC00A10116 /* DetailPresenter.swift */; };
		946B986C2A68EDA800A10116 /* ViewControllerExtension.swift in Sources */ = {isa = PBXBuildFile; fileRef = 946B986B2A68EDA800A10116 /* ViewControllerExtension.swift */; };
		946B986F2A68F4CB00A10116 /* FilterVC.swift in Sources */ = {isa = PBXBuildFile; fileRef = 946B986D2A68F4CB00A10116 /* FilterVC.swift */; };
		946B98702A68F4CB00A10116 /* FilterVC.xib in Resources */ = {isa = PBXBuildFile; fileRef = 946B986E2A68F4CB00A10116 /* FilterVC.xib */; };
		946B98742A68FA4B00A10116 /* CategoryCell.swift in Sources */ = {isa = PBXBuildFile; fileRef = 946B98722A68FA4B00A10116 /* CategoryCell.swift */; };
		946B98752A68FA4B00A10116 /* CategoryCell.xib in Resources */ = {isa = PBXBuildFile; fileRef = 946B98732A68FA4B00A10116 /* CategoryCell.xib */; };
		946B98772A69073200A10116 /* UiviewExtension.swift in Sources */ = {isa = PBXBuildFile; fileRef = 946B98762A69073200A10116 /* UiviewExtension.swift */; };
		946B987A2A69112500A10116 /* Comments.swift in Sources */ = {isa = PBXBuildFile; fileRef = 946B98792A69112500A10116 /* Comments.swift */; };
		946B987C2A69113500A10116 /* AppModel.swift in Sources */ = {isa = PBXBuildFile; fileRef = 946B987B2A69113500A10116 /* AppModel.swift */; };
		946B987F2A6912BC00A10116 /* Data.json in Resources */ = {isa = PBXBuildFile; fileRef = 946B987E2A6912BC00A10116 /* Data.json */; };
		946B98832A69C89D00A10116 /* CellComment.swift in Sources */ = {isa = PBXBuildFile; fileRef = 946B98812A69C89D00A10116 /* CellComment.swift */; };
		946B98842A69C89D00A10116 /* CellComment.xib in Resources */ = {isa = PBXBuildFile; fileRef = 946B98822A69C89D00A10116 /* CellComment.xib */; };
		946B98862A69E06200A10116 /* Utils.swift in Sources */ = {isa = PBXBuildFile; fileRef = 946B98852A69E06200A10116 /* Utils.swift */; };
		946B98882A69F14500A10116 /* Main.storyboard in Resources */ = {isa = PBXBuildFile; fileRef = 946B98872A69F14500A10116 /* Main.storyboard */; };
/* End PBXBuildFile section */

/* Begin PBXFileReference section */
		946B983E2A68AAAC00A10116 /* TestApp.app */ = {isa = PBXFileReference; explicitFileType = wrapper.application; includeInIndex = 0; path = TestApp.app; sourceTree = BUILT_PRODUCTS_DIR; };
		946B98412A68AAAC00A10116 /* AppDelegate.swift */ = {isa = PBXFileReference; lastKnownFileType = sourcecode.swift; path = AppDelegate.swift; sourceTree = "<group>"; };
		946B98432A68AAAC00A10116 /* SceneDelegate.swift */ = {isa = PBXFileReference; lastKnownFileType = sourcecode.swift; path = SceneDelegate.swift; sourceTree = "<group>"; };
		946B984A2A68AAAD00A10116 /* Assets.xcassets */ = {isa = PBXFileReference; lastKnownFileType = folder.assetcatalog; path = Assets.xcassets; sourceTree = "<group>"; };
		946B984D2A68AAAD00A10116 /* Base */ = {isa = PBXFileReference; lastKnownFileType = file.storyboard; name = Base; path = Base.lproj/LaunchScreen.storyboard; sourceTree = "<group>"; };
		946B984F2A68AAAD00A10116 /* Info.plist */ = {isa = PBXFileReference; lastKnownFileType = text.plist.xml; path = Info.plist; sourceTree = "<group>"; };
		946B98582A68EC3200A10116 /* ApiManager.swift */ = {isa = PBXFileReference; lastKnownFileType = sourcecode.swift; path = ApiManager.swift; sourceTree = "<group>"; };
		946B985F2A68ECB200A10116 /* HomeView.swift */ = {isa = PBXFileReference; lastKnownFileType = sourcecode.swift; path = HomeView.swift; sourceTree = "<group>"; };
		946B98602A68ECB200A10116 /* HomeView.xib */ = {isa = PBXFileReference; lastKnownFileType = file.xib; path = HomeView.xib; sourceTree = "<group>"; };
		946B98632A68ECC100A10116 /* HomePresenter.swift */ = {isa = PBXFileReference; lastKnownFileType = sourcecode.swift; path = HomePresenter.swift; sourceTree = "<group>"; };
		946B98652A68ECE000A10116 /* DetailView.swift */ = {isa = PBXFileReference; lastKnownFileType = sourcecode.swift; path = DetailView.swift; sourceTree = "<group>"; };
		946B98662A68ECE000A10116 /* DetailView.xib */ = {isa = PBXFileReference; lastKnownFileType = file.xib; path = DetailView.xib; sourceTree = "<group>"; };
		946B98692A68ECEC00A10116 /* DetailPresenter.swift */ = {isa = PBXFileReference; lastKnownFileType = sourcecode.swift; path = DetailPresenter.swift; sourceTree = "<group>"; };
		946B986B2A68EDA800A10116 /* ViewControllerExtension.swift */ = {isa = PBXFileReference; lastKnownFileType = sourcecode.swift; path = ViewControllerExtension.swift; sourceTree = "<group>"; };
		946B986D2A68F4CB00A10116 /* FilterVC.swift */ = {isa = PBXFileReference; lastKnownFileType = sourcecode.swift; path = FilterVC.swift; sourceTree = "<group>"; };
		946B986E2A68F4CB00A10116 /* FilterVC.xib */ = {isa = PBXFileReference; lastKnownFileType = file.xib; path = FilterVC.xib; sourceTree = "<group>"; };
		946B98722A68FA4B00A10116 /* CategoryCell.swift */ = {isa = PBXFileReference; lastKnownFileType = sourcecode.swift; path = CategoryCell.swift; sourceTree = "<group>"; };
		946B98732A68FA4B00A10116 /* CategoryCell.xib */ = {isa = PBXFileReference; lastKnownFileType = file.xib; path = CategoryCell.xib; sourceTree = "<group>"; };
		946B98762A69073200A10116 /* UiviewExtension.swift */ = {isa = PBXFileReference; lastKnownFileType = sourcecode.swift; path = UiviewExtension.swift; sourceTree = "<group>"; };
		946B98792A69112500A10116 /* Comments.swift */ = {isa = PBXFileReference; lastKnownFileType = sourcecode.swift; path = Comments.swift; sourceTree = "<group>"; };
		946B987B2A69113500A10116 /* AppModel.swift */ = {isa = PBXFileReference; lastKnownFileType = sourcecode.swift; path = AppModel.swift; sourceTree = "<group>"; };
		946B987E2A6912BC00A10116 /* Data.json */ = {isa = PBXFileReference; fileEncoding = 4; lastKnownFileType = text.json; path = Data.json; sourceTree = "<group>"; };
		946B98812A69C89D00A10116 /* CellComment.swift */ = {isa = PBXFileReference; lastKnownFileType = sourcecode.swift; path = CellComment.swift; sourceTree = "<group>"; };
		946B98822A69C89D00A10116 /* CellComment.xib */ = {isa = PBXFileReference; lastKnownFileType = file.xib; path = CellComment.xib; sourceTree = "<group>"; };
		946B98852A69E06200A10116 /* Utils.swift */ = {isa = PBXFileReference; lastKnownFileType = sourcecode.swift; path = Utils.swift; sourceTree = "<group>"; };
		946B98872A69F14500A10116 /* Main.storyboard */ = {isa = PBXFileReference; fileEncoding = 4; lastKnownFileType = file.storyboard; path = Main.storyboard; sourceTree = "<group>"; };
/* End PBXFileReference section */

/* Begin PBXFrameworksBuildPhase section */
		946B983B2A68AAAC00A10116 /* Frameworks */ = {
			isa = PBXFrameworksBuildPhase;
			buildActionMask = 2147483647;
			files = (
			);
			runOnlyForDeploymentPostprocessing = 0;
		};
/* End PBXFrameworksBuildPhase section */

/* Begin PBXGroup section */
		946B98352A68AAAC00A10116 = {
			isa = PBXGroup;
			children = (
				946B98402A68AAAC00A10116 /* TestApp */,
				946B983F2A68AAAC00A10116 /* Products */,
			);
			sourceTree = "<group>";
		};
		946B983F2A68AAAC00A10116 /* Products */ = {
			isa = PBXGroup;
			children = (
				946B983E2A68AAAC00A10116 /* TestApp.app */,
			);
			name = Products;
			sourceTree = "<group>";
		};
		946B98402A68AAAC00A10116 /* TestApp */ = {
			isa = PBXGroup;
			children = (
				946B987D2A69126800A10116 /* Resources */,
				946B98552A68ADE400A10116 /* Manager */,
				946B98572A68AE0100A10116 /* Utils */,
				946B98562A68ADFA00A10116 /* App */,
				946B98412A68AAAC00A10116 /* AppDelegate.swift */,
				946B98432A68AAAC00A10116 /* SceneDelegate.swift */,
				946B984A2A68AAAD00A10116 /* Assets.xcassets */,
				946B984C2A68AAAD00A10116 /* LaunchScreen.storyboard */,
				946B984F2A68AAAD00A10116 /* Info.plist */,
				946B98872A69F14500A10116 /* Main.storyboard */,
			);
			path = TestApp;
			sourceTree = "<group>";
		};
		946B98552A68ADE400A10116 /* Manager */ = {
			isa = PBXGroup;
			children = (
				946B98782A69110E00A10116 /* Models */,
				946B98582A68EC3200A10116 /* ApiManager.swift */,
			);
			path = Manager;
			sourceTree = "<group>";
		};
		946B98562A68ADFA00A10116 /* App */ = {
			isa = PBXGroup;
			children = (
				946B985A2A68EC3F00A10116 /* Home */,
				946B985B2A68EC4700A10116 /* Detail */,
				946B985C2A68EC5700A10116 /* Filter */,
			);
			path = App;
			sourceTree = "<group>";
		};
		946B98572A68AE0100A10116 /* Utils */ = {
			isa = PBXGroup;
			children = (
				946B986B2A68EDA800A10116 /* ViewControllerExtension.swift */,
				946B98762A69073200A10116 /* UiviewExtension.swift */,
				946B98852A69E06200A10116 /* Utils.swift */,
			);
			path = Utils;
			sourceTree = "<group>";
		};
		946B985A2A68EC3F00A10116 /* Home */ = {
			isa = PBXGroup;
			children = (
				946B98712A68FA1F00A10116 /* HomeCell */,
				946B98602A68ECB200A10116 /* HomeView.xib */,
				946B985F2A68ECB200A10116 /* HomeView.swift */,
				946B98632A68ECC100A10116 /* HomePresenter.swift */,
			);
			path = Home;
			sourceTree = "<group>";
		};
		946B985B2A68EC4700A10116 /* Detail */ = {
			isa = PBXGroup;
			children = (
				946B98802A69C85900A10116 /* Cell */,
				946B98662A68ECE000A10116 /* DetailView.xib */,
				946B98652A68ECE000A10116 /* DetailView.swift */,
				946B98692A68ECEC00A10116 /* DetailPresenter.swift */,
			);
			path = Detail;
			sourceTree = "<group>";
		};
		946B985C2A68EC5700A10116 /* Filter */ = {
			isa = PBXGroup;
			children = (
				946B986D2A68F4CB00A10116 /* FilterVC.swift */,
				946B986E2A68F4CB00A10116 /* FilterVC.xib */,
			);
			path = Filter;
			sourceTree = "<group>";
		};
		946B98712A68FA1F00A10116 /* HomeCell */ = {
			isa = PBXGroup;
			children = (
				946B98722A68FA4B00A10116 /* CategoryCell.swift */,
				946B98732A68FA4B00A10116 /* CategoryCell.xib */,
			);
			path = HomeCell;
			sourceTree = "<group>";
		};
		946B98782A69110E00A10116 /* Models */ = {
			isa = PBXGroup;
			children = (
				946B987B2A69113500A10116 /* AppModel.swift */,
				946B98792A69112500A10116 /* Comments.swift */,
			);
			path = Models;
			sourceTree = "<group>";
		};
		946B987D2A69126800A10116 /* Resources */ = {
			isa = PBXGroup;
			children = (
				946B987E2A6912BC00A10116 /* Data.json */,
			);
			path = Resources;
			sourceTree = "<group>";
		};
		946B98802A69C85900A10116 /* Cell */ = {
			isa = PBXGroup;
			children = (
				946B98812A69C89D00A10116 /* CellComment.swift */,
				946B98822A69C89D00A10116 /* CellComment.xib */,
			);
			path = Cell;
			sourceTree = "<group>";
		};
/* End PBXGroup section */

/* Begin PBXNativeTarget section */
		946B983D2A68AAAC00A10116 /* TestApp */ = {
			isa = PBXNativeTarget;
			buildConfigurationList = 946B98522A68AAAD00A10116 /* Build configuration list for PBXNativeTarget "TestApp" */;
			buildPhases = (
				946B983A2A68AAAC00A10116 /* Sources */,
				946B983B2A68AAAC00A10116 /* Frameworks */,
				946B983C2A68AAAC00A10116 /* Resources */,
			);
			buildRules = (
			);
			dependencies = (
			);
			name = TestApp;
			productName = TestApp;
			productReference = 946B983E2A68AAAC00A10116 /* TestApp.app */;
			productType = "com.apple.product-type.application";
		};
/* End PBXNativeTarget section */

/* Begin PBXProject section */
		946B98362A68AAAC00A10116 /* Project object */ = {
			isa = PBXProject;
			attributes = {
				BuildIndependentTargetsInParallel = 1;
				LastSwiftUpdateCheck = 1430;
				LastUpgradeCheck = 1430;
				TargetAttributes = {
					946B983D2A68AAAC00A10116 = {
						CreatedOnToolsVersion = 14.3;
					};
				};
			};
			buildConfigurationList = 946B98392A68AAAC00A10116 /* Build configuration list for PBXProject "TestApp" */;
			compatibilityVersion = "Xcode 14.0";
			developmentRegion = en;
			hasScannedForEncodings = 0;
			knownRegions = (
				en,
				Base,
			);
			mainGroup = 946B98352A68AAAC00A10116;
			productRefGroup = 946B983F2A68AAAC00A10116 /* Products */;
			projectDirPath = "";
			projectRoot = "";
			targets = (
				946B983D2A68AAAC00A10116 /* TestApp */,
			);
		};
/* End PBXProject section */

/* Begin PBXResourcesBuildPhase section */
		946B983C2A68AAAC00A10116 /* Resources */ = {
			isa = PBXResourcesBuildPhase;
			buildActionMask = 2147483647;
			files = (
				946B98702A68F4CB00A10116 /* FilterVC.xib in Resources */,
				946B98752A68FA4B00A10116 /* CategoryCell.xib in Resources */,
				946B984E2A68AAAD00A10116 /* LaunchScreen.storyboard in Resources */,
				946B987F2A6912BC00A10116 /* Data.json in Resources */,
				946B98622A68ECB200A10116 /* HomeView.xib in Resources */,
				946B98842A69C89D00A10116 /* CellComment.xib in Resources */,
				946B98882A69F14500A10116 /* Main.storyboard in Resources */,
				946B984B2A68AAAD00A10116 /* Assets.xcassets in Resources */,
				946B98682A68ECE000A10116 /* DetailView.xib in Resources */,
			);
			runOnlyForDeploymentPostprocessing = 0;
		};
/* End PBXResourcesBuildPhase section */

/* Begin PBXSourcesBuildPhase section */
		946B983A2A68AAAC00A10116 /* Sources */ = {
			isa = PBXSourcesBuildPhase;
			buildActionMask = 2147483647;
			files = (
				946B98592A68EC3200A10116 /* ApiManager.swift in Sources */,
				946B986C2A68EDA800A10116 /* ViewControllerExtension.swift in Sources */,
				946B98422A68AAAC00A10116 /* AppDelegate.swift in Sources */,
				946B986F2A68F4CB00A10116 /* FilterVC.swift in Sources */,
				946B986A2A68ECEC00A10116 /* DetailPresenter.swift in Sources */,
				946B98862A69E06200A10116 /* Utils.swift in Sources */,
				946B98672A68ECE000A10116 /* DetailView.swift in Sources */,
				946B98612A68ECB200A10116 /* HomeView.swift in Sources */,
				946B98832A69C89D00A10116 /* CellComment.swift in Sources */,
				946B987C2A69113500A10116 /* AppModel.swift in Sources */,
				946B98642A68ECC100A10116 /* HomePresenter.swift in Sources */,
				946B98442A68AAAC00A10116 /* SceneDelegate.swift in Sources */,
				946B98742A68FA4B00A10116 /* CategoryCell.swift in Sources */,
				946B98772A69073200A10116 /* UiviewExtension.swift in Sources */,
				946B987A2A69112500A10116 /* Comments.swift in Sources */,
			);
			runOnlyForDeploymentPostprocessing = 0;
		};
/* End PBXSourcesBuildPhase section */

/* Begin PBXVariantGroup section */
		946B984C2A68AAAD00A10116 /* LaunchScreen.storyboard */ = {
			isa = PBXVariantGroup;
			children = (
				946B984D2A68AAAD00A10116 /* Base */,
			);
			name = LaunchScreen.storyboard;
			sourceTree = "<group>";
		};
/* End PBXVariantGroup section */

/* Begin XCBuildConfiguration section */
		946B98502A68AAAD00A10116 /* Debug */ = {
			isa = XCBuildConfiguration;
			buildSettings = {
				ALWAYS_SEARCH_USER_PATHS = NO;
				CLANG_ANALYZER_NONNULL = YES;
				CLANG_ANALYZER_NUMBER_OBJECT_CONVERSION = YES_AGGRESSIVE;
				CLANG_CXX_LANGUAGE_STANDARD = "gnu++20";
				CLANG_ENABLE_MODULES = YES;
				CLANG_ENABLE_OBJC_ARC = YES;
				CLANG_ENABLE_OBJC_WEAK = YES;
				CLANG_WARN_BLOCK_CAPTURE_AUTORELEASING = YES;
				CLANG_WARN_BOOL_CONVERSION = YES;
				CLANG_WARN_COMMA = YES;
				CLANG_WARN_CONSTANT_CONVERSION = YES;
				CLANG_WARN_DEPRECATED_OBJC_IMPLEMENTATIONS = YES;
				CLANG_WARN_DIRECT_OBJC_ISA_USAGE = YES_ERROR;
				CLANG_WARN_DOCUMENTATION_COMMENTS = YES;
				CLANG_WARN_EMPTY_BODY = YES;
				CLANG_WARN_ENUM_CONVERSION = YES;
				CLANG_WARN_INFINITE_RECURSION = YES;
				CLANG_WARN_INT_CONVERSION = YES;
				CLANG_WARN_NON_LITERAL_NULL_CONVERSION = YES;
				CLANG_WARN_OBJC_IMPLICIT_RETAIN_SELF = YES;
				CLANG_WARN_OBJC_LITERAL_CONVERSION = YES;
				CLANG_WARN_OBJC_ROOT_CLASS = YES_ERROR;
				CLANG_WARN_QUOTED_INCLUDE_IN_FRAMEWORK_HEADER = YES;
				CLANG_WARN_RANGE_LOOP_ANALYSIS = YES;
				CLANG_WARN_STRICT_PROTOTYPES = YES;
				CLANG_WARN_SUSPICIOUS_MOVE = YES;
				CLANG_WARN_UNGUARDED_AVAILABILITY = YES_AGGRESSIVE;
				CLANG_WARN_UNREACHABLE_CODE = YES;
				CLANG_WARN__DUPLICATE_METHOD_MATCH = YES;
				COPY_PHASE_STRIP = NO;
				DEBUG_INFORMATION_FORMAT = dwarf;
				ENABLE_STRICT_OBJC_MSGSEND = YES;
				ENABLE_TESTABILITY = YES;
				GCC_C_LANGUAGE_STANDARD = gnu11;
				GCC_DYNAMIC_NO_PIC = NO;
				GCC_NO_COMMON_BLOCKS = YES;
				GCC_OPTIMIZATION_LEVEL = 0;
				GCC_PREPROCESSOR_DEFINITIONS = (
					"DEBUG=1",
					"$(inherited)",
				);
				GCC_WARN_64_TO_32_BIT_CONVERSION = YES;
				GCC_WARN_ABOUT_RETURN_TYPE = YES_ERROR;
				GCC_WARN_UNDECLARED_SELECTOR = YES;
				GCC_WARN_UNINITIALIZED_AUTOS = YES_AGGRESSIVE;
				GCC_WARN_UNUSED_FUNCTION = YES;
				GCC_WARN_UNUSED_VARIABLE = YES;
				IPHONEOS_DEPLOYMENT_TARGET = 16.4;
				MTL_ENABLE_DEBUG_INFO = INCLUDE_SOURCE;
				MTL_FAST_MATH = YES;
				ONLY_ACTIVE_ARCH = YES;
				SDKROOT = iphoneos;
				SWIFT_ACTIVE_COMPILATION_CONDITIONS = DEBUG;
				SWIFT_OPTIMIZATION_LEVEL = "-Onone";
			};
			name = Debug;
		};
		946B98512A68AAAD00A10116 /* Release */ = {
			isa = XCBuildConfiguration;
			buildSettings = {
				ALWAYS_SEARCH_USER_PATHS = NO;
				CLANG_ANALYZER_NONNULL = YES;
				CLANG_ANALYZER_NUMBER_OBJECT_CONVERSION = YES_AGGRESSIVE;
				CLANG_CXX_LANGUAGE_STANDARD = "gnu++20";
				CLANG_ENABLE_MODULES = YES;
				CLANG_ENABLE_OBJC_ARC = YES;
				CLANG_ENABLE_OBJC_WEAK = YES;
				CLANG_WARN_BLOCK_CAPTURE_AUTORELEASING = YES;
				CLANG_WARN_BOOL_CONVERSION = YES;
				CLANG_WARN_COMMA = YES;
				CLANG_WARN_CONSTANT_CONVERSION = YES;
				CLANG_WARN_DEPRECATED_OBJC_IMPLEMENTATIONS = YES;
				CLANG_WARN_DIRECT_OBJC_ISA_USAGE = YES_ERROR;
				CLANG_WARN_DOCUMENTATION_COMMENTS = YES;
				CLANG_WARN_EMPTY_BODY = YES;
				CLANG_WARN_ENUM_CONVERSION = YES;
				CLANG_WARN_INFINITE_RECURSION = YES;
				CLANG_WARN_INT_CONVERSION = YES;
				CLANG_WARN_NON_LITERAL_NULL_CONVERSION = YES;
				CLANG_WARN_OBJC_IMPLICIT_RETAIN_SELF = YES;
				CLANG_WARN_OBJC_LITERAL_CONVERSION = YES;
				CLANG_WARN_OBJC_ROOT_CLASS = YES_ERROR;
				CLANG_WARN_QUOTED_INCLUDE_IN_FRAMEWORK_HEADER = YES;
				CLANG_WARN_RANGE_LOOP_ANALYSIS = YES;
				CLANG_WARN_STRICT_PROTOTYPES = YES;
				CLANG_WARN_SUSPICIOUS_MOVE = YES;
				CLANG_WARN_UNGUARDED_AVAILABILITY = YES_AGGRESSIVE;
				CLANG_WARN_UNREACHABLE_CODE = YES;
				CLANG_WARN__DUPLICATE_METHOD_MATCH = YES;
				COPY_PHASE_STRIP = NO;
				DEBUG_INFORMATION_FORMAT = "dwarf-with-dsym";
				ENABLE_NS_ASSERTIONS = NO;
				ENABLE_STRICT_OBJC_MSGSEND = YES;
				GCC_C_LANGUAGE_STANDARD = gnu11;
				GCC_NO_COMMON_BLOCKS = YES;
				GCC_WARN_64_TO_32_BIT_CONVERSION = YES;
				GCC_WARN_ABOUT_RETURN_TYPE = YES_ERROR;
				GCC_WARN_UNDECLARED_SELECTOR = YES;
				GCC_WARN_UNINITIALIZED_AUTOS = YES_AGGRESSIVE;
				GCC_WARN_UNUSED_FUNCTION = YES;
				GCC_WARN_UNUSED_VARIABLE = YES;
				IPHONEOS_DEPLOYMENT_TARGET = 16.4;
				MTL_ENABLE_DEBUG_INFO = NO;
				MTL_FAST_MATH = YES;
				SDKROOT = iphoneos;
				SWIFT_COMPILATION_MODE = wholemodule;
				SWIFT_OPTIMIZATION_LEVEL = "-O";
				VALIDATE_PRODUCT = YES;
			};
			name = Release;
		};
		946B98532A68AAAD00A10116 /* Debug */ = {
			isa = XCBuildConfiguration;
			buildSettings = {
				ASSETCATALOG_COMPILER_APPICON_NAME = AppIcon;
				ASSETCATALOG_COMPILER_GLOBAL_ACCENT_COLOR_NAME = AccentColor;
				CODE_SIGN_STYLE = Automatic;
				CURRENT_PROJECT_VERSION = 1;
				GENERATE_INFOPLIST_FILE = YES;
				INFOPLIST_FILE = TestApp/Info.plist;
				INFOPLIST_KEY_UIApplicationSupportsIndirectInputEvents = YES;
				INFOPLIST_KEY_UILaunchStoryboardName = LaunchScreen;
				INFOPLIST_KEY_UIMainStoryboardFile = "";
				INFOPLIST_KEY_UISupportedInterfaceOrientations_iPad = "UIInterfaceOrientationPortrait UIInterfaceOrientationPortraitUpsideDown UIInterfaceOrientationLandscapeLeft UIInterfaceOrientationLandscapeRight";
				INFOPLIST_KEY_UISupportedInterfaceOrientations_iPhone = "UIInterfaceOrientationPortrait UIInterfaceOrientationLandscapeLeft UIInterfaceOrientationLandscapeRight";
				LD_RUNPATH_SEARCH_PATHS = (
					"$(inherited)",
					"@executable_path/Frameworks",
				);
				MARKETING_VERSION = 1.0;
				PRODUCT_BUNDLE_IDENTIFIER = com.personal.TestApp;
				PRODUCT_NAME = "$(TARGET_NAME)";
				SWIFT_EMIT_LOC_STRINGS = YES;
				SWIFT_VERSION = 5.0;
				TARGETED_DEVICE_FAMILY = "1,2";
			};
			name = Debug;
		};
		946B98542A68AAAD00A10116 /* Release */ = {
			isa = XCBuildConfiguration;
			buildSettings = {
				ASSETCATALOG_COMPILER_APPICON_NAME = AppIcon;
				ASSETCATALOG_COMPILER_GLOBAL_ACCENT_COLOR_NAME = AccentColor;
				CODE_SIGN_STYLE = Automatic;
				CURRENT_PROJECT_VERSION = 1;
				GENERATE_INFOPLIST_FILE = YES;
				INFOPLIST_FILE = TestApp/Info.plist;
				INFOPLIST_KEY_UIApplicationSupportsIndirectInputEvents = YES;
				INFOPLIST_KEY_UILaunchStoryboardName = LaunchScreen;
				INFOPLIST_KEY_UIMainStoryboardFile = "";
				INFOPLIST_KEY_UISupportedInterfaceOrientations_iPad = "UIInterfaceOrientationPortrait UIInterfaceOrientationPortraitUpsideDown UIInterfaceOrientationLandscapeLeft UIInterfaceOrientationLandscapeRight";
				INFOPLIST_KEY_UISupportedInterfaceOrientations_iPhone = "UIInterfaceOrientationPortrait UIInterfaceOrientationLandscapeLeft UIInterfaceOrientationLandscapeRight";
				LD_RUNPATH_SEARCH_PATHS = (
					"$(inherited)",
					"@executable_path/Frameworks",
				);
				MARKETING_VERSION = 1.0;
				PRODUCT_BUNDLE_IDENTIFIER = com.personal.TestApp;
				PRODUCT_NAME = "$(TARGET_NAME)";
				SWIFT_EMIT_LOC_STRINGS = YES;
				SWIFT_VERSION = 5.0;
				TARGETED_DEVICE_FAMILY = "1,2";
			};
			name = Release;
		};
/* End XCBuildConfiguration section */

/* Begin XCConfigurationList section */
		946B98392A68AAAC00A10116 /* Build configuration list for PBXProject "TestApp" */ = {
			isa = XCConfigurationList;
			buildConfigurations = (
				946B98502A68AAAD00A10116 /* Debug */,
				946B98512A68AAAD00A10116 /* Release */,
			);
			defaultConfigurationIsVisible = 0;
			defaultConfigurationName = Release;
		};
		946B98522A68AAAD00A10116 /* Build configuration list for PBXNativeTarget "TestApp" */ = {
			isa = XCConfigurationList;
			buildConfigurations = (
				946B98532A68AAAD00A10116 /* Debug */,
				946B98542A68AAAD00A10116 /* Release */,
			);
			defaultConfigurationIsVisible = 0;
			defaultConfigurationName = Release;
		};
/* End XCConfigurationList section */
	};
	rootObject = 946B98362A68AAAC00A10116 /* Project object */;
}
